// !$*UTF8*$!
{
	archiveVersion = 1;
	classes = {
	};
	objectVersion = 50;
	objects = {

/* Begin PBXBuildFile section */
		22E20DD425E34251003A88CF /* AppDelegate.swift in Sources */ = {isa = PBXBuildFile; fileRef = 22E20DD325E34251003A88CF /* AppDelegate.swift */; };
		22E20DD625E34251003A88CF /* SceneDelegate.swift in Sources */ = {isa = PBXBuildFile; fileRef = 22E20DD525E34251003A88CF /* SceneDelegate.swift */; };
		22E20DD825E34251003A88CF /* MoviesViewController.swift in Sources */ = {isa = PBXBuildFile; fileRef = 22E20DD725E34251003A88CF /* MoviesViewController.swift */; };
		22E20DDB25E34251003A88CF /* Main.storyboard in Resources */ = {isa = PBXBuildFile; fileRef = 22E20DD925E34251003A88CF /* Main.storyboard */; };
		22E20DDD25E34259003A88CF /* Assets.xcassets in Resources */ = {isa = PBXBuildFile; fileRef = 22E20DDC25E34259003A88CF /* Assets.xcassets */; };
		22E20DE025E34259003A88CF /* LaunchScreen.storyboard in Resources */ = {isa = PBXBuildFile; fileRef = 22E20DDE25E34259003A88CF /* LaunchScreen.storyboard */; };
		22E20DEB25E3425A003A88CF /* FlixTests.swift in Sources */ = {isa = PBXBuildFile; fileRef = 22E20DEA25E3425A003A88CF /* FlixTests.swift */; };
		22E20DF625E3425A003A88CF /* FlixUITests.swift in Sources */ = {isa = PBXBuildFile; fileRef = 22E20DF525E3425A003A88CF /* FlixUITests.swift */; };
		22E20E2725E3531C003A88CF /* MovieCell.swift in Sources */ = {isa = PBXBuildFile; fileRef = 22E20E2625E3531C003A88CF /* MovieCell.swift */; };
/* End PBXBuildFile section */

/* Begin PBXContainerItemProxy section */
		22E20DE725E3425A003A88CF /* PBXContainerItemProxy */ = {
			isa = PBXContainerItemProxy;
			containerPortal = 22E20DC825E34251003A88CF /* Project object */;
			proxyType = 1;
			remoteGlobalIDString = 22E20DCF25E34251003A88CF;
			remoteInfo = Flix;
		};
		22E20DF225E3425A003A88CF /* PBXContainerItemProxy */ = {
			isa = PBXContainerItemProxy;
			containerPortal = 22E20DC825E34251003A88CF /* Project object */;
			proxyType = 1;
			remoteGlobalIDString = 22E20DCF25E34251003A88CF;
			remoteInfo = Flix;
		};
/* End PBXContainerItemProxy section */

/* Begin PBXFileReference section */
		22E20DD025E34251003A88CF /* Flix.app */ = {isa = PBXFileReference; explicitFileType = wrapper.application; includeInIndex = 0; path = Flix.app; sourceTree = BUILT_PRODUCTS_DIR; };
		22E20DD325E34251003A88CF /* AppDelegate.swift */ = {isa = PBXFileReference; lastKnownFileType = sourcecode.swift; path = AppDelegate.swift; sourceTree = "<group>"; };
		22E20DD525E34251003A88CF /* SceneDelegate.swift */ = {isa = PBXFileReference; lastKnownFileType = sourcecode.swift; path = SceneDelegate.swift; sourceTree = "<group>"; };
		22E20DD725E34251003A88CF /* MoviesViewController.swift */ = {isa = PBXFileReference; lastKnownFileType = sourcecode.swift; path = MoviesViewController.swift; sourceTree = "<group>"; };
		22E20DDA25E34251003A88CF /* Base */ = {isa = PBXFileReference; lastKnownFileType = file.storyboard; name = Base; path = Base.lproj/Main.storyboard; sourceTree = "<group>"; };
		22E20DDC25E34259003A88CF /* Assets.xcassets */ = {isa = PBXFileReference; lastKnownFileType = folder.assetcatalog; path = Assets.xcassets; sourceTree = "<group>"; };
		22E20DDF25E34259003A88CF /* Base */ = {isa = PBXFileReference; lastKnownFileType = file.storyboard; name = Base; path = Base.lproj/LaunchScreen.storyboard; sourceTree = "<group>"; };
		22E20DE125E34259003A88CF /* Info.plist */ = {isa = PBXFileReference; lastKnownFileType = text.plist.xml; path = Info.plist; sourceTree = "<group>"; };
		22E20DE625E3425A003A88CF /* FlixTests.xctest */ = {isa = PBXFileReference; explicitFileType = wrapper.cfbundle; includeInIndex = 0; path = FlixTests.xctest; sourceTree = BUILT_PRODUCTS_DIR; };
		22E20DEA25E3425A003A88CF /* FlixTests.swift */ = {isa = PBXFileReference; lastKnownFileType = sourcecode.swift; path = FlixTests.swift; sourceTree = "<group>"; };
		22E20DEC25E3425A003A88CF /* Info.plist */ = {isa = PBXFileReference; lastKnownFileType = text.plist.xml; path = Info.plist; sourceTree = "<group>"; };
		22E20DF125E3425A003A88CF /* FlixUITests.xctest */ = {isa = PBXFileReference; explicitFileType = wrapper.cfbundle; includeInIndex = 0; path = FlixUITests.xctest; sourceTree = BUILT_PRODUCTS_DIR; };
		22E20DF525E3425A003A88CF /* FlixUITests.swift */ = {isa = PBXFileReference; lastKnownFileType = sourcecode.swift; path = FlixUITests.swift; sourceTree = "<group>"; };
		22E20DF725E3425A003A88CF /* Info.plist */ = {isa = PBXFileReference; lastKnownFileType = text.plist.xml; path = Info.plist; sourceTree = "<group>"; };
		22E20E0625E3461B003A88CF /* Flix.entitlements */ = {isa = PBXFileReference; lastKnownFileType = text.plist.entitlements; path = Flix.entitlements; sourceTree = "<group>"; };
		22E20E2625E3531C003A88CF /* MovieCell.swift */ = {isa = PBXFileReference; lastKnownFileType = sourcecode.swift; path = MovieCell.swift; sourceTree = "<group>"; };
/* End PBXFileReference section */

/* Begin PBXFrameworksBuildPhase section */
		22E20DCD25E34251003A88CF /* Frameworks */ = {
			isa = PBXFrameworksBuildPhase;
			buildActionMask = 2147483647;
			files = (
			);
			runOnlyForDeploymentPostprocessing = 0;
		};
		22E20DE325E3425A003A88CF /* Frameworks */ = {
			isa = PBXFrameworksBuildPhase;
			buildActionMask = 2147483647;
			files = (
			);
			runOnlyForDeploymentPostprocessing = 0;
		};
		22E20DEE25E3425A003A88CF /* Frameworks */ = {
			isa = PBXFrameworksBuildPhase;
			buildActionMask = 2147483647;
			files = (
			);
			runOnlyForDeploymentPostprocessing = 0;
		};
/* End PBXFrameworksBuildPhase section */

/* Begin PBXGroup section */
		22E20DC725E34251003A88CF = {
			isa = PBXGroup;
			children = (
				22E20DD225E34251003A88CF /* Flix */,
				22E20DE925E3425A003A88CF /* FlixTests */,
				22E20DF425E3425A003A88CF /* FlixUITests */,
				22E20DD125E34251003A88CF /* Products */,
			);
			sourceTree = "<group>";
		};
		22E20DD125E34251003A88CF /* Products */ = {
			isa = PBXGroup;
			children = (
				22E20DD025E34251003A88CF /* Flix.app */,
				22E20DE625E3425A003A88CF /* FlixTests.xctest */,
				22E20DF125E3425A003A88CF /* FlixUITests.xctest */,
			);
			name = Products;
			sourceTree = "<group>";
		};
		22E20DD225E34251003A88CF /* Flix */ = {
			isa = PBXGroup;
			children = (
				22E20E0625E3461B003A88CF /* Flix.entitlements */,
				22E20DD325E34251003A88CF /* AppDelegate.swift */,
				22E20DD525E34251003A88CF /* SceneDelegate.swift */,
				22E20DD925E34251003A88CF /* Main.storyboard */,
				22E20E2625E3531C003A88CF /* MovieCell.swift */,
				22E20DD725E34251003A88CF /* MoviesViewController.swift */,
				22E20DDC25E34259003A88CF /* Assets.xcassets */,
				22E20DDE25E34259003A88CF /* LaunchScreen.storyboard */,
				22E20DE125E34259003A88CF /* Info.plist */,
			);
			path = Flix;
			sourceTree = "<group>";
		};
		22E20DE925E3425A003A88CF /* FlixTests */ = {
			isa = PBXGroup;
			children = (
				22E20DEA25E3425A003A88CF /* FlixTests.swift */,
				22E20DEC25E3425A003A88CF /* Info.plist */,
			);
			path = FlixTests;
			sourceTree = "<group>";
		};
		22E20DF425E3425A003A88CF /* FlixUITests */ = {
			isa = PBXGroup;
			children = (
				22E20DF525E3425A003A88CF /* FlixUITests.swift */,
				22E20DF725E3425A003A88CF /* Info.plist */,
			);
			path = FlixUITests;
			sourceTree = "<group>";
		};
/* End PBXGroup section */

/* Begin PBXNativeTarget section */
		22E20DCF25E34251003A88CF /* Flix */ = {
			isa = PBXNativeTarget;
			buildConfigurationList = 22E20DFA25E3425A003A88CF /* Build configuration list for PBXNativeTarget "Flix" */;
			buildPhases = (
				22E20DCC25E34251003A88CF /* Sources */,
				22E20DCD25E34251003A88CF /* Frameworks */,
				22E20DCE25E34251003A88CF /* Resources */,
			);
			buildRules = (
			);
			dependencies = (
			);
			name = Flix;
			productName = Flix;
			productReference = 22E20DD025E34251003A88CF /* Flix.app */;
			productType = "com.apple.product-type.application";
		};
		22E20DE525E3425A003A88CF /* FlixTests */ = {
			isa = PBXNativeTarget;
			buildConfigurationList = 22E20DFD25E3425A003A88CF /* Build configuration list for PBXNativeTarget "FlixTests" */;
			buildPhases = (
				22E20DE225E3425A003A88CF /* Sources */,
				22E20DE325E3425A003A88CF /* Frameworks */,
				22E20DE425E3425A003A88CF /* Resources */,
			);
			buildRules = (
			);
			dependencies = (
				22E20DE825E3425A003A88CF /* PBXTargetDependency */,
			);
			name = FlixTests;
			productName = FlixTests;
			productReference = 22E20DE625E3425A003A88CF /* FlixTests.xctest */;
			productType = "com.apple.product-type.bundle.unit-test";
		};
		22E20DF025E3425A003A88CF /* FlixUITests */ = {
			isa = PBXNativeTarget;
			buildConfigurationList = 22E20E0025E3425A003A88CF /* Build configuration list for PBXNativeTarget "FlixUITests" */;
			buildPhases = (
				22E20DED25E3425A003A88CF /* Sources */,
				22E20DEE25E3425A003A88CF /* Frameworks */,
				22E20DEF25E3425A003A88CF /* Resources */,
			);
			buildRules = (
			);
			dependencies = (
				22E20DF325E3425A003A88CF /* PBXTargetDependency */,
			);
			name = FlixUITests;
			productName = FlixUITests;
			productReference = 22E20DF125E3425A003A88CF /* FlixUITests.xctest */;
			productType = "com.apple.product-type.bundle.ui-testing";
		};
/* End PBXNativeTarget section */

/* Begin PBXProject section */
		22E20DC825E34251003A88CF /* Project object */ = {
			isa = PBXProject;
			attributes = {
				LastSwiftUpdateCheck = 1240;
				LastUpgradeCheck = 1240;
				TargetAttributes = {
					22E20DCF25E34251003A88CF = {
						CreatedOnToolsVersion = 12.4;
					};
					22E20DE525E3425A003A88CF = {
						CreatedOnToolsVersion = 12.4;
						TestTargetID = 22E20DCF25E34251003A88CF;
					};
					22E20DF025E3425A003A88CF = {
						CreatedOnToolsVersion = 12.4;
						TestTargetID = 22E20DCF25E34251003A88CF;
					};
				};
			};
			buildConfigurationList = 22E20DCB25E34251003A88CF /* Build configuration list for PBXProject "Flix" */;
			compatibilityVersion = "Xcode 9.3";
			developmentRegion = en;
			hasScannedForEncodings = 0;
			knownRegions = (
				en,
				Base,
			);
			mainGroup = 22E20DC725E34251003A88CF;
			productRefGroup = 22E20DD125E34251003A88CF /* Products */;
			projectDirPath = "";
			projectRoot = "";
			targets = (
				22E20DCF25E34251003A88CF /* Flix */,
				22E20DE525E3425A003A88CF /* FlixTests */,
				22E20DF025E3425A003A88CF /* FlixUITests */,
			);
		};
/* End PBXProject section */

/* Begin PBXResourcesBuildPhase section */
		22E20DCE25E34251003A88CF /* Resources */ = {
			isa = PBXResourcesBuildPhase;
			buildActionMask = 2147483647;
			files = (
				22E20DE025E34259003A88CF /* LaunchScreen.storyboard in Resources */,
				22E20DDD25E34259003A88CF /* Assets.xcassets in Resources */,
				22E20DDB25E34251003A88CF /* Main.storyboard in Resources */,
			);
			runOnlyForDeploymentPostprocessing = 0;
		};
		22E20DE425E3425A003A88CF /* Resources */ = {
			isa = PBXResourcesBuildPhase;
			buildActionMask = 2147483647;
			files = (
			);
			runOnlyForDeploymentPostprocessing = 0;
		};
		22E20DEF25E3425A003A88CF /* Resources */ = {
			isa = PBXResourcesBuildPhase;
			buildActionMask = 2147483647;
			files = (
			);
			runOnlyForDeploymentPostprocessing = 0;
		};
/* End PBXResourcesBuildPhase section */

/* Begin PBXSourcesBuildPhase section */
		22E20DCC25E34251003A88CF /* Sources */ = {
			isa = PBXSourcesBuildPhase;
			buildActionMask = 2147483647;
			files = (
				22E20DD825E34251003A88CF /* MoviesViewController.swift in Sources */,
				22E20DD425E34251003A88CF /* AppDelegate.swift in Sources */,
				22E20E2725E3531C003A88CF /* MovieCell.swift in Sources */,
				22E20DD625E34251003A88CF /* SceneDelegate.swift in Sources */,
			);
			runOnlyForDeploymentPostprocessing = 0;
		};
		22E20DE225E3425A003A88CF /* Sources */ = {
			isa = PBXSourcesBuildPhase;
			buildActionMask = 2147483647;
			files = (
				22E20DEB25E3425A003A88CF /* FlixTests.swift in Sources */,
			);
			runOnlyForDeploymentPostprocessing = 0;
		};
		22E20DED25E3425A003A88CF /* Sources */ = {
			isa = PBXSourcesBuildPhase;
			buildActionMask = 2147483647;
			files = (
				22E20DF625E3425A003A88CF /* FlixUITests.swift in Sources */,
			);
			runOnlyForDeploymentPostprocessing = 0;
		};
/* End PBXSourcesBuildPhase section */

/* Begin PBXTargetDependency section */
		22E20DE825E3425A003A88CF /* PBXTargetDependency */ = {
			isa = PBXTargetDependency;
			target = 22E20DCF25E34251003A88CF /* Flix */;
			targetProxy = 22E20DE725E3425A003A88CF /* PBXContainerItemProxy */;
		};
		22E20DF325E3425A003A88CF /* PBXTargetDependency */ = {
			isa = PBXTargetDependency;
			target = 22E20DCF25E34251003A88CF /* Flix */;
			targetProxy = 22E20DF225E3425A003A88CF /* PBXContainerItemProxy */;
		};
/* End PBXTargetDependency section */

/* Begin PBXVariantGroup section */
		22E20DD925E34251003A88CF /* Main.storyboard */ = {
			isa = PBXVariantGroup;
			children = (
				22E20DDA25E34251003A88CF /* Base */,
			);
			name = Main.storyboard;
			sourceTree = "<group>";
		};
		22E20DDE25E34259003A88CF /* LaunchScreen.storyboard */ = {
			isa = PBXVariantGroup;
			children = (
				22E20DDF25E34259003A88CF /* Base */,
			);
			name = LaunchScreen.storyboard;
			sourceTree = "<group>";
		};
/* End PBXVariantGroup section */

/* Begin XCBuildConfiguration section */
		22E20DF825E3425A003A88CF /* Debug */ = {
			isa = XCBuildConfiguration;
			buildSettings = {
				ALWAYS_SEARCH_USER_PATHS = NO;
				CLANG_ANALYZER_NONNULL = YES;
				CLANG_ANALYZER_NUMBER_OBJECT_CONVERSION = YES_AGGRESSIVE;
				CLANG_CXX_LANGUAGE_STANDARD = "gnu++14";
				CLANG_CXX_LIBRARY = "libc++";
				CLANG_ENABLE_MODULES = YES;
				CLANG_ENABLE_OBJC_ARC = YES;
				CLANG_ENABLE_OBJC_WEAK = YES;
				CLANG_WARN_BLOCK_CAPTURE_AUTORELEASING = YES;
				CLANG_WARN_BOOL_CONVERSION = YES;
				CLANG_WARN_COMMA = YES;
				CLANG_WARN_CONSTANT_CONVERSION = YES;
				CLANG_WARN_DEPRECATED_OBJC_IMPLEMENTATIONS = YES;
				CLANG_WARN_DIRECT_OBJC_ISA_USAGE = YES_ERROR;
				CLANG_WARN_DOCUMENTATION_COMMENTS = YES;
				CLANG_WARN_EMPTY_BODY = YES;
				CLANG_WARN_ENUM_CONVERSION = YES;
				CLANG_WARN_INFINITE_RECURSION = YES;
				CLANG_WARN_INT_CONVERSION = YES;
				CLANG_WARN_NON_LITERAL_NULL_CONVERSION = YES;
				CLANG_WARN_OBJC_IMPLICIT_RETAIN_SELF = YES;
				CLANG_WARN_OBJC_LITERAL_CONVERSION = YES;
				CLANG_WARN_OBJC_ROOT_CLASS = YES_ERROR;
				CLANG_WARN_QUOTED_INCLUDE_IN_FRAMEWORK_HEADER = YES;
				CLANG_WARN_RANGE_LOOP_ANALYSIS = YES;
				CLANG_WARN_STRICT_PROTOTYPES = YES;
				CLANG_WARN_SUSPICIOUS_MOVE = YES;
				CLANG_WARN_UNGUARDED_AVAILABILITY = YES_AGGRESSIVE;
				CLANG_WARN_UNREACHABLE_CODE = YES;
				CLANG_WARN__DUPLICATE_METHOD_MATCH = YES;
				COPY_PHASE_STRIP = NO;
				DEBUG_INFORMATION_FORMAT = dwarf;
				ENABLE_STRICT_OBJC_MSGSEND = YES;
				ENABLE_TESTABILITY = YES;
				GCC_C_LANGUAGE_STANDARD = gnu11;
				GCC_DYNAMIC_NO_PIC = NO;
				GCC_NO_COMMON_BLOCKS = YES;
				GCC_OPTIMIZATION_LEVEL = 0;
				GCC_PREPROCESSOR_DEFINITIONS = (
					"DEBUG=1",
					"$(inherited)",
				);
				GCC_WARN_64_TO_32_BIT_CONVERSION = YES;
				GCC_WARN_ABOUT_RETURN_TYPE = YES_ERROR;
				GCC_WARN_UNDECLARED_SELECTOR = YES;
				GCC_WARN_UNINITIALIZED_AUTOS = YES_AGGRESSIVE;
				GCC_WARN_UNUSED_FUNCTION = YES;
				GCC_WARN_UNUSED_VARIABLE = YES;
				IPHONEOS_DEPLOYMENT_TARGET = 14.4;
				MTL_ENABLE_DEBUG_INFO = INCLUDE_SOURCE;
				MTL_FAST_MATH = YES;
				ONLY_ACTIVE_ARCH = YES;
				SDKROOT = iphoneos;
				SWIFT_ACTIVE_COMPILATION_CONDITIONS = DEBUG;
				SWIFT_OPTIMIZATION_LEVEL = "-Onone";
			};
			name = Debug;
		};
		22E20DF925E3425A003A88CF /* Release */ = {
			isa = XCBuildConfiguration;
			buildSettings = {
				ALWAYS_SEARCH_USER_PATHS = NO;
				CLANG_ANALYZER_NONNULL = YES;
				CLANG_ANALYZER_NUMBER_OBJECT_CONVERSION = YES_AGGRESSIVE;
				CLANG_CXX_LANGUAGE_STANDARD = "gnu++14";
				CLANG_CXX_LIBRARY = "libc++";
				CLANG_ENABLE_MODULES = YES;
				CLANG_ENABLE_OBJC_ARC = YES;
				CLANG_ENABLE_OBJC_WEAK = YES;
				CLANG_WARN_BLOCK_CAPTURE_AUTORELEASING = YES;
				CLANG_WARN_BOOL_CONVERSION = YES;
				CLANG_WARN_COMMA = YES;
				CLANG_WARN_CONSTANT_CONVERSION = YES;
				CLANG_WARN_DEPRECATED_OBJC_IMPLEMENTATIONS = YES;
				CLANG_WARN_DIRECT_OBJC_ISA_USAGE = YES_ERROR;
				CLANG_WARN_DOCUMENTATION_COMMENTS = YES;
				CLANG_WARN_EMPTY_BODY = YES;
				CLANG_WARN_ENUM_CONVERSION = YES;
				CLANG_WARN_INFINITE_RECURSION = YES;
				CLANG_WARN_INT_CONVERSION = YES;
				CLANG_WARN_NON_LITERAL_NULL_CONVERSION = YES;
				CLANG_WARN_OBJC_IMPLICIT_RETAIN_SELF = YES;
				CLANG_WARN_OBJC_LITERAL_CONVERSION = YES;
				CLANG_WARN_OBJC_ROOT_CLASS = YES_ERROR;
				CLANG_WARN_QUOTED_INCLUDE_IN_FRAMEWORK_HEADER = YES;
				CLANG_WARN_RANGE_LOOP_ANALYSIS = YES;
				CLANG_WARN_STRICT_PROTOTYPES = YES;
				CLANG_WARN_SUSPICIOUS_MOVE = YES;
				CLANG_WARN_UNGUARDED_AVAILABILITY = YES_AGGRESSIVE;
				CLANG_WARN_UNREACHABLE_CODE = YES;
				CLANG_WARN__DUPLICATE_METHOD_MATCH = YES;
				COPY_PHASE_STRIP = NO;
				DEBUG_INFORMATION_FORMAT = "dwarf-with-dsym";
				ENABLE_NS_ASSERTIONS = NO;
				ENABLE_STRICT_OBJC_MSGSEND = YES;
				GCC_C_LANGUAGE_STANDARD = gnu11;
				GCC_NO_COMMON_BLOCKS = YES;
				GCC_WARN_64_TO_32_BIT_CONVERSION = YES;
				GCC_WARN_ABOUT_RETURN_TYPE = YES_ERROR;
				GCC_WARN_UNDECLARED_SELECTOR = YES;
				GCC_WARN_UNINITIALIZED_AUTOS = YES_AGGRESSIVE;
				GCC_WARN_UNUSED_FUNCTION = YES;
				GCC_WARN_UNUSED_VARIABLE = YES;
				IPHONEOS_DEPLOYMENT_TARGET = 14.4;
				MTL_ENABLE_DEBUG_INFO = NO;
				MTL_FAST_MATH = YES;
				SDKROOT = iphoneos;
				SWIFT_COMPILATION_MODE = wholemodule;
				SWIFT_OPTIMIZATION_LEVEL = "-O";
				VALIDATE_PRODUCT = YES;
			};
			name = Release;
		};
		22E20DFB25E3425A003A88CF /* Debug */ = {
			isa = XCBuildConfiguration;
			buildSettings = {
				ASSETCATALOG_COMPILER_APPICON_NAME = AppIcon;
				ASSETCATALOG_COMPILER_GLOBAL_ACCENT_COLOR_NAME = AccentColor;
				CODE_SIGN_ENTITLEMENTS = Flix/Flix.entitlements;
				CODE_SIGN_IDENTITY = "Apple Development";
				CODE_SIGN_STYLE = Automatic;
				DEVELOPMENT_TEAM = YZ23LC772X;
				INFOPLIST_FILE = Flix/Info.plist;
				LD_RUNPATH_SEARCH_PATHS = (
					"$(inherited)",
					"@executable_path/Frameworks",
				);
				PRODUCT_BUNDLE_IDENTIFIER = codepathapp.Flix;
				PRODUCT_NAME = "$(TARGET_NAME)";
				PROVISIONING_PROFILE_SPECIFIER = "";
				SWIFT_VERSION = 5.0;
				TARGETED_DEVICE_FAMILY = "1,2";
			};
			name = Debug;
		};
		22E20DFC25E3425A003A88CF /* Release */ = {
			isa = XCBuildConfiguration;
			buildSettings = {
				ASSETCATALOG_COMPILER_APPICON_NAME = AppIcon;
				ASSETCATALOG_COMPILER_GLOBAL_ACCENT_COLOR_NAME = AccentColor;
				CODE_SIGN_ENTITLEMENTS = Flix/Flix.entitlements;
				CODE_SIGN_IDENTITY = "Apple Development";
				CODE_SIGN_STYLE = Automatic;
				DEVELOPMENT_TEAM = YZ23LC772X;
				INFOPLIST_FILE = Flix/Info.plist;
				LD_RUNPATH_SEARCH_PATHS = (
					"$(inherited)",
					"@executable_path/Frameworks",
				);
				PRODUCT_BUNDLE_IDENTIFIER = codepathapp.Flix;
				PRODUCT_NAME = "$(TARGET_NAME)";
				PROVISIONING_PROFILE_SPECIFIER = "";
				SWIFT_VERSION = 5.0;
				TARGETED_DEVICE_FAMILY = "1,2";
			};
			name = Release;
		};
		22E20DFE25E3425A003A88CF /* Debug */ = {
			isa = XCBuildConfiguration;
			buildSettings = {
				ALWAYS_EMBED_SWIFT_STANDARD_LIBRARIES = YES;
				BUNDLE_LOADER = "$(TEST_HOST)";
				CODE_SIGN_STYLE = Automatic;
				INFOPLIST_FILE = FlixTests/Info.plist;
				IPHONEOS_DEPLOYMENT_TARGET = 14.4;
				LD_RUNPATH_SEARCH_PATHS = (
					"$(inherited)",
					"@executable_path/Frameworks",
					"@loader_path/Frameworks",
				);
				PRODUCT_BUNDLE_IDENTIFIER = codepathapp.FlixTests;
				PRODUCT_NAME = "$(TARGET_NAME)";
				SWIFT_VERSION = 5.0;
				TARGETED_DEVICE_FAMILY = "1,2";
				TEST_HOST = "$(BUILT_PRODUCTS_DIR)/Flix.app/Flix";
			};
			name = Debug;
		};
		22E20DFF25E3425A003A88CF /* Release */ = {
			isa = XCBuildConfiguration;
			buildSettings = {
				ALWAYS_EMBED_SWIFT_STANDARD_LIBRARIES = YES;
				BUNDLE_LOADER = "$(TEST_HOST)";
				CODE_SIGN_STYLE = Automatic;
				INFOPLIST_FILE = FlixTests/Info.plist;
				IPHONEOS_DEPLOYMENT_TARGET = 14.4;
				LD_RUNPATH_SEARCH_PATHS = (
					"$(inherited)",
					"@executable_path/Frameworks",
					"@loader_path/Frameworks",
				);
				PRODUCT_BUNDLE_IDENTIFIER = codepathapp.FlixTests;
				PRODUCT_NAME = "$(TARGET_NAME)";
				SWIFT_VERSION = 5.0;
				TARGETED_DEVICE_FAMILY = "1,2";
				TEST_HOST = "$(BUILT_PRODUCTS_DIR)/Flix.app/Flix";
			};
			name = Release;
		};
		22E20E0125E3425A003A88CF /* Debug */ = {
			isa = XCBuildConfiguration;
			buildSettings = {
				ALWAYS_EMBED_SWIFT_STANDARD_LIBRARIES = YES;
				CODE_SIGN_STYLE = Automatic;
				INFOPLIST_FILE = FlixUITests/Info.plist;
				LD_RUNPATH_SEARCH_PATHS = (
					"$(inherited)",
					"@executable_path/Frameworks",
					"@loader_path/Frameworks",
				);
				PRODUCT_BUNDLE_IDENTIFIER = codepathapp.FlixUITests;
				PRODUCT_NAME = "$(TARGET_NAME)";
				SWIFT_VERSION = 5.0;
				TARGETED_DEVICE_FAMILY = "1,2";
				TEST_TARGET_NAME = Flix;
			};
			name = Debug;
		};
		22E20E0225E3425A003A88CF /* Release */ = {
			isa = XCBuildConfiguration;
			buildSettings = {
				ALWAYS_EMBED_SWIFT_STANDARD_LIBRARIES = YES;
				CODE_SIGN_STYLE = Automatic;
				INFOPLIST_FILE = FlixUITests/Info.plist;
				LD_RUNPATH_SEARCH_PATHS = (
					"$(inherited)",
					"@executable_path/Frameworks",
					"@loader_path/Frameworks",
				);
				PRODUCT_BUNDLE_IDENTIFIER = codepathapp.FlixUITests;
				PRODUCT_NAME = "$(TARGET_NAME)";
				SWIFT_VERSION = 5.0;
				TARGETED_DEVICE_FAMILY = "1,2";
				TEST_TARGET_NAME = Flix;
			};
			name = Release;
		};
/* End XCBuildConfiguration section */

/* Begin XCConfigurationList section */
		22E20DCB25E34251003A88CF /* Build configuration list for PBXProject "Flix" */ = {
			isa = XCConfigurationList;
			buildConfigurations = (
				22E20DF825E3425A003A88CF /* Debug */,
				22E20DF925E3425A003A88CF /* Release */,
			);
			defaultConfigurationIsVisible = 0;
			defaultConfigurationName = Release;
		};
		22E20DFA25E3425A003A88CF /* Build configuration list for PBXNativeTarget "Flix" */ = {
			isa = XCConfigurationList;
			buildConfigurations = (
				22E20DFB25E3425A003A88CF /* Debug */,
				22E20DFC25E3425A003A88CF /* Release */,
			);
			defaultConfigurationIsVisible = 0;
			defaultConfigurationName = Release;
		};
		22E20DFD25E3425A003A88CF /* Build configuration list for PBXNativeTarget "FlixTests" */ = {
			isa = XCConfigurationList;
			buildConfigurations = (
				22E20DFE25E3425A003A88CF /* Debug */,
				22E20DFF25E3425A003A88CF /* Release */,
			);
			defaultConfigurationIsVisible = 0;
			defaultConfigurationName = Release;
		};
		22E20E0025E3425A003A88CF /* Build configuration list for PBXNativeTarget "FlixUITests" */ = {
			isa = XCConfigurationList;
			buildConfigurations = (
				22E20E0125E3425A003A88CF /* Debug */,
				22E20E0225E3425A003A88CF /* Release */,
			);
			defaultConfigurationIsVisible = 0;
			defaultConfigurationName = Release;
		};
/* End XCConfigurationList section */
	};
	rootObject = 22E20DC825E34251003A88CF /* Project object */;
}
